
Microsoft Visual Studio Solution File, Format Version 12.00
# Visual Studio 2013
VisualStudioVersion = 12.0.21005.1
MinimumVisualStudioVersion = 10.0.40219.1
Project("{FAE04EC0-301F-11D3-BF4B-00C04F79EFBC}") = "ResourceUtilization", "ResourceUtilization\ResourceUtilization.csproj", "{2835FDBA-96BA-4D5C-850D-A909BB12F4E3}"
EndProject
Project("{FAE04EC0-301F-11D3-BF4B-00C04F79EFBC}") = "DataAccess", "DataAccess\DataAccess.csproj", "{56B7DF58-70AB-41E6-84A4-C18097930F15}"
EndProject
Project("{FAE04EC0-301F-11D3-BF4B-00C04F79EFBC}") = "ViewModel", "ViewModel\ViewModel.csproj", "{EA8C6881-A375-4BA8-8E36-363517590F4E}"
EndProject
Global
	GlobalSection(TeamFoundationVersionControl) = preSolution
		SccNumberOfProjects = 4
		SccEnterpriseProvider = {4CA58AB2-18FA-4F8D-95D4-32DDF27D184C}
		SccTeamFoundationServer = http://bmtsrv6:8080/tfs/ishir%20intranet%20project
		SccLocalPath0 = .
		SccProjectUniqueName1 = DataAccess\\DataAccess.csproj
		SccProjectName1 = DataAccess
		SccLocalPath1 = DataAccess
		SccProjectUniqueName2 = ResourceUtilization\\ResourceUtilization.csproj
		SccProjectName2 = ResourceUtilization
		SccLocalPath2 = ResourceUtilization
		SccProjectUniqueName3 = ViewModel\\ViewModel.csproj
		SccProjectName3 = ViewModel
		SccLocalPath3 = ViewModel
	EndGlobalSection
	GlobalSection(SolutionConfigurationPlatforms) = preSolution
		Debug|Any CPU = Debug|Any CPU
		Release|Any CPU = Release|Any CPU
	EndGlobalSection
	GlobalSection(ProjectConfigurationPlatforms) = postSolution
		{2835FDBA-96BA-4D5C-850D-A909BB12F4E3}.Debug|Any CPU.ActiveCfg = Debug|Any CPU
		{2835FDBA-96BA-4D5C-850D-A909BB12F4E3}.Debug|Any CPU.Build.0 = Debug|Any CPU
		{2835FDBA-96BA-4D5C-850D-A909BB12F4E3}.Release|Any CPU.ActiveCfg = Release|Any CPU
		{2835FDBA-96BA-4D5C-850D-A909BB12F4E3}.Release|Any CPU.Build.0 = Release|Any CPU
		{56B7DF58-70AB-41E6-84A4-C18097930F15}.Debug|Any CPU.ActiveCfg = Debug|Any CPU
		{56B7DF58-70AB-41E6-84A4-C18097930F15}.Debug|Any CPU.Build.0 = Debug|Any CPU
		{56B7DF58-70AB-41E6-84A4-C18097930F15}.Release|Any CPU.ActiveCfg = Release|Any CPU
		{56B7DF58-70AB-41E6-84A4-C18097930F15}.Release|Any CPU.Build.0 = Release|Any CPU
		{EA8C6881-A375-4BA8-8E36-363517590F4E}.Debug|Any CPU.ActiveCfg = Debug|Any CPU
		{EA8C6881-A375-4BA8-8E36-363517590F4E}.Debug|Any CPU.Build.0 = Debug|Any CPU
		{EA8C6881-A375-4BA8-8E36-363517590F4E}.Release|Any CPU.ActiveCfg = Release|Any CPU
		{EA8C6881-A375-4BA8-8E36-363517590F4E}.Release|Any CPU.Build.0 = Release|Any CPU
	EndGlobalSection
	GlobalSection(SolutionProperties) = preSolution
		HideSolutionNode = FALSE
	EndGlobalSection
EndGlobal
